
Microsoft Visual Studio Solution File, Format Version 12.00
# Visual Studio Version 16
VisualStudioVersion = 16.0.30711.63
MinimumVisualStudioVersion = 10.0.40219.1
Project("{FAE04EC0-301F-11D3-BF4B-00C04F79EFBC}") = "program_zaliczeniowy_forms", "program_zaliczeniowy_forms.csproj", "{91D9C6A6-4716-4525-84C8-D0046F46E5E0}"
EndProject
Project("{9A19103F-16F7-4668-BE54-9A1E7A4F7556}") = "CarsLibrary", "..\CarsLibraryFroms\CarsLibrary.csproj", "{BE459C84-5454-4A19-A172-79B3915E7C78}"
EndProject
Global
	GlobalSection(SolutionConfigurationPlatforms) = preSolution
		Debug|Any CPU = Debug|Any CPU
		Release|Any CPU = Release|Any CPU
	EndGlobalSection
	GlobalSection(ProjectConfigurationPlatforms) = postSolution
		{91D9C6A6-4716-4525-84C8-D0046F46E5E0}.Debug|Any CPU.ActiveCfg = Debug|Any CPU
		{91D9C6A6-4716-4525-84C8-D0046F46E5E0}.Debug|Any CPU.Build.0 = Debug|Any CPU
		{91D9C6A6-4716-4525-84C8-D0046F46E5E0}.Release|Any CPU.ActiveCfg = Release|Any CPU
		{91D9C6A6-4716-4525-84C8-D0046F46E5E0}.Release|Any CPU.Build.0 = Release|Any CPU
		{BE459C84-5454-4A19-A172-79B3915E7C78}.Debug|Any CPU.ActiveCfg = Debug|Any CPU
		{BE459C84-5454-4A19-A172-79B3915E7C78}.Debug|Any CPU.Build.0 = Debug|Any CPU
		{BE459C84-5454-4A19-A172-79B3915E7C78}.Release|Any CPU.ActiveCfg = Release|Any CPU
		{BE459C84-5454-4A19-A172-79B3915E7C78}.Release|Any CPU.Build.0 = Release|Any CPU
	EndGlobalSection
	GlobalSection(SolutionProperties) = preSolution
		HideSolutionNode = FALSE
	EndGlobalSection
	GlobalSection(ExtensibilityGlobals) = postSolution
		SolutionGuid = {37C961C0-42E3-4D93-B707-AF34F6CDB2D4}
	EndGlobalSection
EndGlobal
